
Microsoft Visual Studio Solution File, Format Version 12.00
# Visual Studio Version 17
VisualStudioVersion = 17.8.34511.84
MinimumVisualStudioVersion = 10.0.40219.1
Project("{FAE04EC0-301F-11D3-BF4B-00C04F79EFBC}") = "PreProject", "PreProject.csproj", "{F09179F9-3932-4E5C-AC44-54E86660473B}"
EndProject
Global
	GlobalSection(SolutionConfigurationPlatforms) = preSolution
		Debug|Any CPU = Debug|Any CPU
		Release|Any CPU = Release|Any CPU
	EndGlobalSection
	GlobalSection(ProjectConfigurationPlatforms) = postSolution
		{F09179F9-3932-4E5C-AC44-54E86660473B}.Debug|Any CPU.ActiveCfg = Debug|Any CPU
		{F09179F9-3932-4E5C-AC44-54E86660473B}.Debug|Any CPU.Build.0 = Debug|Any CPU
		{F09179F9-3932-4E5C-AC44-54E86660473B}.Release|Any CPU.ActiveCfg = Release|Any CPU
		{F09179F9-3932-4E5C-AC44-54E86660473B}.Release|Any CPU.Build.0 = Release|Any CPU
	EndGlobalSection
	GlobalSection(SolutionProperties) = preSolution
		HideSolutionNode = FALSE
	EndGlobalSection
	GlobalSection(ExtensibilityGlobals) = postSolution
		SolutionGuid = {0C0E84F2-8504-4BED-BB79-AB3F7DE2B3DB}
	EndGlobalSection
EndGlobal
